github.com/wowchemy/wowchemy-hugo-modules/wowchemy v0.0.0-20210226164504-3952bfc85cee h1:fzgNvnmzCL2gjkMPme48DVakKsRw/iWKJIRgXyYI/bg=
github.com/wowchemy/wowchemy-hugo-modules/wowchemy v0.0.0-20210226164504-3952bfc85cee/go.mod h1:H22qfH9qj3FWwsk7+bAZpmT24yRGNQURah2/IRwjbn8=
github.com/wowchemy/wowchemy-hugo-modules/wowchemy v0.0.0-20210305174729-ae4d671d4cbd h1:0x91oUv8YduJMGIxs2PVeIuqNubMQQ6PDCJgyDAbTXg=
github.com/wowchemy/wowchemy-hugo-modules/wowchemy v0.0.0-20210305174729-ae4d671d4cbd/go.mod h1:H22qfH9qj3FWwsk7+bAZpmT24yRGNQURah2/IRwjbn8=
github.com/wowchemy/wowchemy-hugo-modules/wowchemy-cms v0.0.0-20210226164504-3952bfc85cee h1:NMXbMGtvC1+JMYFceNLhin1Or002v0/aGfQ/WlUhD1o=
github.com/wowchemy/wowchemy-hugo-modules/wowchemy-cms v0.0.0-20210226164504-3952bfc85cee/go.mod h1:AKpYbqUVlj0VYsc7Jsxe1o8Ko2yV31A5ZPdfpACcXJw=
github.com/wowchemy/wowchemy-hugo-modules/wowchemy-cms v0.0.0-20210305174729-ae4d671d4cbd h1:vheydtTPz3oRP+gqVKVRsru4azf1kXmqmtrpy+nsJT8=
github.com/wowchemy/wowchemy-hugo-modules/wowchemy-cms v0.0.0-20210305174729-ae4d671d4cbd/go.mod h1:AKpYbqUVlj0VYsc7Jsxe1o8Ko2yV31A5ZPdfpACcXJw=
github.com/wowchemy/wowchemy-hugo-themes/modules/wowchemy-core v0.1.0/go.mod h1:kJwI9H8dicHQCnP8G9EvUDI+oNg/yXcGsjGjwjXuM8I=
github.com/wowchemy/wowchemy-hugo-themes/modules/wowchemy-plugin-netlify v1.0.1-0.20230501161443-2d67669ce769 h1:dOjQgLi9se8p+mxWSmjGJbm1pGkU7eno6vvefITo0sw=
github.com/wowchemy/wowchemy-hugo-themes/modules/wowchemy-plugin-netlify v1.0.1-0.20230501161443-2d67669ce769/go.mod h1:s40UgLsWfVyCLQ2F4F3dBcNfZOXcPGld7KxsKhZdzvM=
github.com/wowchemy/wowchemy-hugo-themes/modules/wowchemy-plugin-netlify-cms v1.0.1-0.20230501161443-2d67669ce769 h1:Gow+y5FBgPS4mLQcUhvFYU+vbmtdzCKN1HTRY78bFyM=
github.com/wowchemy/wowchemy-hugo-themes/modules/wowchemy-plugin-netlify-cms v1.0.1-0.20230501161443-2d67669ce769/go.mod h1:X1mETJo6Lkv9tEgfU0UYFRiRInf0RbgW+s1RKXB4GMA=
github.com/wowchemy/wowchemy-hugo-themes/modules/wowchemy-plugin-reveal v0.0.0-20230501161443-2d67669ce769 h1:QsJOZJ0cvz1dGI9Pq1kGfvJ3vgXoUhFSjCde4w9aLcY=
github.com/wowchemy/wowchemy-hugo-themes/modules/wowchemy-plugin-reveal v0.0.0-20230501161443-2d67669ce769/go.mod h1:u2hgU45C6Oi3CwMzSNvTwuRTsKs7O46EG3MTjNKu7gE=
github.com/wowchemy/wowchemy-hugo-themes/modules/wowchemy/v5 v5.6.0 h1:l7FIPHFJ8KKktS8Nrfk/u47PkDTbg6TNHg4VY3g41Xc=
github.com/wowchemy/wowchemy-hugo-themes/modules/wowchemy/v5 v5.6.0/go.mod h1:EfRfz/zhkliLPRWYdXRatho64juF3EFaJnciCi5YzwA=
github.com/wowchemy/wowchemy-hugo-themes/modules/wowchemy/v5 v5.7.0 h1:j0H7ApKal0qdWWdFbT7S/F3XQ7959nO3+kA6lLN4jec=
github.com/wowchemy/wowchemy-hugo-themes/modules/wowchemy/v5 v5.7.0/go.mod h1:pxtkh2Fw4Vdwh2NvIYpCqhR0g7MgwVAxFN1lW9Rep44=
